
Microsoft Visual Studio Solution File, Format Version 12.00
# Visual Studio Version 16
VisualStudioVersion = 16.0.30104.148
MinimumVisualStudioVersion = 10.0.40219.1
Project("{9A19103F-16F7-4668-BE54-9A1E7A4F7556}") = "CommonUtilities", "..\CommonUtilities\CommonUtilities.csproj", "{3DDB82DA-D9FC-459F-A1F7-70310FF47A6D}"
EndProject
Project("{9A19103F-16F7-4668-BE54-9A1E7A4F7556}") = "CommonModels", "..\CommonModels\CommonModels.csproj", "{655597AB-14AC-4B4E-BC60-FB8DD7C44F69}"
EndProject
Project("{9A19103F-16F7-4668-BE54-9A1E7A4F7556}") = "BaseInjectionUtilities", "..\BaseInjectionUtilities\BaseInjectionUtilities.csproj", "{723AF305-71DB-429F-AAB9-6A9C554FC86B}"
EndProject
Project("{9A19103F-16F7-4668-BE54-9A1E7A4F7556}") = "productquery", "productquery.csproj", "{FA2C5EE0-DD85-44A6-ABFF-2CCBF92DFA60}"
EndProject
Project("{FAE04EC0-301F-11D3-BF4B-00C04F79EFBC}") = "ProductQuery.Tests", "..\UnitTests\ProductQuery.Tests\ProductQuery.Tests.csproj", "{96816BED-43EA-4718-9481-B2D92DE3BB08}"
EndProject
Global
	GlobalSection(SolutionConfigurationPlatforms) = preSolution
		Debug|Any CPU = Debug|Any CPU
		Release|Any CPU = Release|Any CPU
	EndGlobalSection
	GlobalSection(ProjectConfigurationPlatforms) = postSolution
		{3DDB82DA-D9FC-459F-A1F7-70310FF47A6D}.Debug|Any CPU.ActiveCfg = Debug|Any CPU
		{3DDB82DA-D9FC-459F-A1F7-70310FF47A6D}.Debug|Any CPU.Build.0 = Debug|Any CPU
		{3DDB82DA-D9FC-459F-A1F7-70310FF47A6D}.Release|Any CPU.ActiveCfg = Release|Any CPU
		{3DDB82DA-D9FC-459F-A1F7-70310FF47A6D}.Release|Any CPU.Build.0 = Release|Any CPU
		{655597AB-14AC-4B4E-BC60-FB8DD7C44F69}.Debug|Any CPU.ActiveCfg = Debug|Any CPU
		{655597AB-14AC-4B4E-BC60-FB8DD7C44F69}.Debug|Any CPU.Build.0 = Debug|Any CPU
		{655597AB-14AC-4B4E-BC60-FB8DD7C44F69}.Release|Any CPU.ActiveCfg = Release|Any CPU
		{655597AB-14AC-4B4E-BC60-FB8DD7C44F69}.Release|Any CPU.Build.0 = Release|Any CPU
		{723AF305-71DB-429F-AAB9-6A9C554FC86B}.Debug|Any CPU.ActiveCfg = Debug|Any CPU
		{723AF305-71DB-429F-AAB9-6A9C554FC86B}.Debug|Any CPU.Build.0 = Debug|Any CPU
		{723AF305-71DB-429F-AAB9-6A9C554FC86B}.Release|Any CPU.ActiveCfg = Release|Any CPU
		{723AF305-71DB-429F-AAB9-6A9C554FC86B}.Release|Any CPU.Build.0 = Release|Any CPU
		{FA2C5EE0-DD85-44A6-ABFF-2CCBF92DFA60}.Debug|Any CPU.ActiveCfg = Debug|Any CPU
		{FA2C5EE0-DD85-44A6-ABFF-2CCBF92DFA60}.Debug|Any CPU.Build.0 = Debug|Any CPU
		{FA2C5EE0-DD85-44A6-ABFF-2CCBF92DFA60}.Release|Any CPU.ActiveCfg = Release|Any CPU
		{FA2C5EE0-DD85-44A6-ABFF-2CCBF92DFA60}.Release|Any CPU.Build.0 = Release|Any CPU
		{96816BED-43EA-4718-9481-B2D92DE3BB08}.Debug|Any CPU.ActiveCfg = Debug|Any CPU
		{96816BED-43EA-4718-9481-B2D92DE3BB08}.Debug|Any CPU.Build.0 = Debug|Any CPU
		{96816BED-43EA-4718-9481-B2D92DE3BB08}.Release|Any CPU.ActiveCfg = Release|Any CPU
		{96816BED-43EA-4718-9481-B2D92DE3BB08}.Release|Any CPU.Build.0 = Release|Any CPU
	EndGlobalSection
	GlobalSection(SolutionProperties) = preSolution
		HideSolutionNode = FALSE
	EndGlobalSection
	GlobalSection(ExtensibilityGlobals) = postSolution
		SolutionGuid = {724B3679-FA9F-4A6E-B1C1-77DD69C0271C}
	EndGlobalSection
EndGlobal
