
Microsoft Visual Studio Solution File, Format Version 12.00
# Visual Studio Version 16
VisualStudioVersion = 16.0.30104.148
MinimumVisualStudioVersion = 10.0.40219.1
Project("{9A19103F-16F7-4668-BE54-9A1E7A4F7556}") = "usermanagementquery", "usermanagementquery.csproj", "{37C28534-98CA-4793-B83D-6BDFD6FC33BC}"
EndProject
Project("{9A19103F-16F7-4668-BE54-9A1E7A4F7556}") = "BaseInjectionUtilities", "..\BaseInjectionUtilities\BaseInjectionUtilities.csproj", "{4122BAC7-159E-4D3E-80E0-D2CFF5CA51A0}"
EndProject
Project("{9A19103F-16F7-4668-BE54-9A1E7A4F7556}") = "CommonModels", "..\CommonModels\CommonModels.csproj", "{E1F2EE73-DA09-4AB6-B091-3918D0E7D2D2}"
EndProject
Project("{9A19103F-16F7-4668-BE54-9A1E7A4F7556}") = "CommonUtilities", "..\CommonUtilities\CommonUtilities.csproj", "{CE320616-7B17-42C5-97C0-4F6618913F7B}"
EndProject
Project("{FAE04EC0-301F-11D3-BF4B-00C04F79EFBC}") = "UserManagementQuery.Tests", "UserManagementQuery.Tests\UserManagementQuery.Tests.csproj", "{763D0CA9-9BDE-4787-84B6-737D939495C7}"
EndProject
Global
	GlobalSection(SolutionConfigurationPlatforms) = preSolution
		Debug|Any CPU = Debug|Any CPU
		Release|Any CPU = Release|Any CPU
	EndGlobalSection
	GlobalSection(ProjectConfigurationPlatforms) = postSolution
		{37C28534-98CA-4793-B83D-6BDFD6FC33BC}.Debug|Any CPU.ActiveCfg = Debug|Any CPU
		{37C28534-98CA-4793-B83D-6BDFD6FC33BC}.Debug|Any CPU.Build.0 = Debug|Any CPU
		{37C28534-98CA-4793-B83D-6BDFD6FC33BC}.Release|Any CPU.ActiveCfg = Release|Any CPU
		{37C28534-98CA-4793-B83D-6BDFD6FC33BC}.Release|Any CPU.Build.0 = Release|Any CPU
		{4122BAC7-159E-4D3E-80E0-D2CFF5CA51A0}.Debug|Any CPU.ActiveCfg = Debug|Any CPU
		{4122BAC7-159E-4D3E-80E0-D2CFF5CA51A0}.Debug|Any CPU.Build.0 = Debug|Any CPU
		{4122BAC7-159E-4D3E-80E0-D2CFF5CA51A0}.Release|Any CPU.ActiveCfg = Release|Any CPU
		{4122BAC7-159E-4D3E-80E0-D2CFF5CA51A0}.Release|Any CPU.Build.0 = Release|Any CPU
		{E1F2EE73-DA09-4AB6-B091-3918D0E7D2D2}.Debug|Any CPU.ActiveCfg = Debug|Any CPU
		{E1F2EE73-DA09-4AB6-B091-3918D0E7D2D2}.Debug|Any CPU.Build.0 = Debug|Any CPU
		{E1F2EE73-DA09-4AB6-B091-3918D0E7D2D2}.Release|Any CPU.ActiveCfg = Release|Any CPU
		{E1F2EE73-DA09-4AB6-B091-3918D0E7D2D2}.Release|Any CPU.Build.0 = Release|Any CPU
		{CE320616-7B17-42C5-97C0-4F6618913F7B}.Debug|Any CPU.ActiveCfg = Debug|Any CPU
		{CE320616-7B17-42C5-97C0-4F6618913F7B}.Debug|Any CPU.Build.0 = Debug|Any CPU
		{CE320616-7B17-42C5-97C0-4F6618913F7B}.Release|Any CPU.ActiveCfg = Release|Any CPU
		{CE320616-7B17-42C5-97C0-4F6618913F7B}.Release|Any CPU.Build.0 = Release|Any CPU
		{763D0CA9-9BDE-4787-84B6-737D939495C7}.Debug|Any CPU.ActiveCfg = Debug|Any CPU
		{763D0CA9-9BDE-4787-84B6-737D939495C7}.Debug|Any CPU.Build.0 = Debug|Any CPU
		{763D0CA9-9BDE-4787-84B6-737D939495C7}.Release|Any CPU.ActiveCfg = Release|Any CPU
		{763D0CA9-9BDE-4787-84B6-737D939495C7}.Release|Any CPU.Build.0 = Release|Any CPU
	EndGlobalSection
	GlobalSection(SolutionProperties) = preSolution
		HideSolutionNode = FALSE
	EndGlobalSection
	GlobalSection(ExtensibilityGlobals) = postSolution
		SolutionGuid = {65661DBF-96DD-42C5-A3C8-BE265550E5A0}
	EndGlobalSection
EndGlobal
